// !$*UTF8*$!
{
	archiveVersion = 1;
	classes = {
	};
	objectVersion = 56;
	objects = {

/* Begin PBXBuildFile section */
		1A30D50D2C3D2AAA00059D5F /* GoodHusbandApp.swift in Sources */ = {isa = PBXBuildFile; fileRef = 1A30D50C2C3D2AAA00059D5F /* GoodHusbandApp.swift */; };
		1A30D5112C3D2AAC00059D5F /* Assets.xcassets in Resources */ = {isa = PBXBuildFile; fileRef = 1A30D5102C3D2AAC00059D5F /* Assets.xcassets */; };
		1A30D5142C3D2AAC00059D5F /* Preview Assets.xcassets in Resources */ = {isa = PBXBuildFile; fileRef = 1A30D5132C3D2AAC00059D5F /* Preview Assets.xcassets */; };
		1A30D5302C3D2BF800059D5F /* ContentView.swift in Sources */ = {isa = PBXBuildFile; fileRef = 1A30D5202C3D2BF800059D5F /* ContentView.swift */; };
		1A30D5312C3D2BF800059D5F /* WeatherViewModel.swift in Sources */ = {isa = PBXBuildFile; fileRef = 1A30D5222C3D2BF800059D5F /* WeatherViewModel.swift */; };
		1A30D5342C3D2BF800059D5F /* LocationManager.swift in Sources */ = {isa = PBXBuildFile; fileRef = 1A30D5272C3D2BF800059D5F /* LocationManager.swift */; };
		1A30D5382C3D2C2C00059D5F /* README.md in Resources */ = {isa = PBXBuildFile; fileRef = 1A30D5372C3D2C2C00059D5F /* README.md */; };
		1A30D53B2C40EDB800059D5F /* .gitignore in Resources */ = {isa = PBXBuildFile; fileRef = 1A30D53A2C40EDB800059D5F /* .gitignore */; };
		1A30D53E2C423B7100059D5F /* MainView.swift in Sources */ = {isa = PBXBuildFile; fileRef = 1A30D53D2C423B7100059D5F /* MainView.swift */; };
		1A30D5402C423C9C00059D5F /* DestinationCardView.swift in Sources */ = {isa = PBXBuildFile; fileRef = 1A30D53F2C423C9C00059D5F /* DestinationCardView.swift */; };
		1A30D54F2C46609900059D5F /* WeatherDetailView.swift in Sources */ = {isa = PBXBuildFile; fileRef = 1A30D54C2C46609900059D5F /* WeatherDetailView.swift */; };
		1A30D5502C46609900059D5F /* RecommendationView.swift in Sources */ = {isa = PBXBuildFile; fileRef = 1A30D54D2C46609900059D5F /* RecommendationView.swift */; };
		1A30D5512C46609900059D5F /* TemperatureView.swift in Sources */ = {isa = PBXBuildFile; fileRef = 1A30D54E2C46609900059D5F /* TemperatureView.swift */; };
		1A30D5542C46669700059D5F /* PinnedLocationView.swift in Sources */ = {isa = PBXBuildFile; fileRef = 1A30D5532C46669700059D5F /* PinnedLocationView.swift */; };
		1A30D5592C47B76500059D5F /* OverallForecastView.swift in Sources */ = {isa = PBXBuildFile; fileRef = 1A30D5582C47B76500059D5F /* OverallForecastView.swift */; };
		263D2A6C2C4685D300BA8674 /* WeatherDetailViewModel.swift in Sources */ = {isa = PBXBuildFile; fileRef = 263D2A6B2C4685D300BA8674 /* WeatherDetailViewModel.swift */; };
		263D2A6E2C46AD6800BA8674 /* LocationHeaderViewModel.swift in Sources */ = {isa = PBXBuildFile; fileRef = 263D2A6D2C46AD6800BA8674 /* LocationHeaderViewModel.swift */; };
		263D2A712C479FF500BA8674 /* WeatherDataEnums.swift in Sources */ = {isa = PBXBuildFile; fileRef = 263D2A702C479FF500BA8674 /* WeatherDataEnums.swift */; };
		263D2A732C47F59E00BA8674 /* DayWeatherViewModel.swift in Sources */ = {isa = PBXBuildFile; fileRef = 263D2A722C47F59E00BA8674 /* DayWeatherViewModel.swift */; };
		263D2A752C47FA4800BA8674 /* DailyWeatherViewModel.swift in Sources */ = {isa = PBXBuildFile; fileRef = 263D2A742C47FA4800BA8674 /* DailyWeatherViewModel.swift */; };
		263D2A772C47FB6300BA8674 /* DayWeatherModel.swift in Sources */ = {isa = PBXBuildFile; fileRef = 263D2A762C47FB6300BA8674 /* DayWeatherModel.swift */; };
		263D2A792C47FB7600BA8674 /* WeatherModel.swift in Sources */ = {isa = PBXBuildFile; fileRef = 263D2A782C47FB7600BA8674 /* WeatherModel.swift */; };
		2645E58D2C41103600540DC3 /* WeatherManager.swift in Sources */ = {isa = PBXBuildFile; fileRef = 2645E58C2C41103600540DC3 /* WeatherManager.swift */; };
		573C84D32C4667BA008825AC /* LocationHeaderView.swift in Sources */ = {isa = PBXBuildFile; fileRef = 573C84D22C4667BA008825AC /* LocationHeaderView.swift */; };
		573C84D52C4667E3008825AC /* DayWeatherView.swift in Sources */ = {isa = PBXBuildFile; fileRef = 573C84D42C4667E3008825AC /* DayWeatherView.swift */; };
		573C84D72C46684E008825AC /* DetailView.swift in Sources */ = {isa = PBXBuildFile; fileRef = 573C84D62C46684E008825AC /* DetailView.swift */; };
		57783F0F2C3FD7FA0075455C /* Localizable.xcstrings in Resources */ = {isa = PBXBuildFile; fileRef = 57783F0E2C3FD7FA0075455C /* Localizable.xcstrings */; };
		57E5038B2C45D4B3004D3509 /* DailyWeatherView.swift in Sources */ = {isa = PBXBuildFile; fileRef = 57E5038A2C45D4B3004D3509 /* DailyWeatherView.swift */; };
		D017725F2C3FD28B00F077FE /* MapView.swift in Sources */ = {isa = PBXBuildFile; fileRef = D017725E2C3FD28B00F077FE /* MapView.swift */; };
		D01772612C3FDAD900F077FE /* MapViewModel.swift in Sources */ = {isa = PBXBuildFile; fileRef = D01772602C3FDAD900F077FE /* MapViewModel.swift */; };
		D034BE502C471B9E003CBD88 /* HeaderWeatherDisplay.swift in Sources */ = {isa = PBXBuildFile; fileRef = D034BE4F2C471B9E003CBD88 /* HeaderWeatherDisplay.swift */; };
		D034BE522C474D59003CBD88 /* FavoritesManager.swift in Sources */ = {isa = PBXBuildFile; fileRef = D034BE512C474D59003CBD88 /* FavoritesManager.swift */; };
/* End PBXBuildFile section */

/* Begin PBXFileReference section */
		1A30D5092C3D2AAA00059D5F /* GoodHusband.app */ = {isa = PBXFileReference; explicitFileType = wrapper.application; includeInIndex = 0; path = GoodHusband.app; sourceTree = BUILT_PRODUCTS_DIR; };
		1A30D50C2C3D2AAA00059D5F /* GoodHusbandApp.swift */ = {isa = PBXFileReference; lastKnownFileType = sourcecode.swift; path = GoodHusbandApp.swift; sourceTree = "<group>"; };
		1A30D5102C3D2AAC00059D5F /* Assets.xcassets */ = {isa = PBXFileReference; lastKnownFileType = folder.assetcatalog; path = Assets.xcassets; sourceTree = "<group>"; };
		1A30D5132C3D2AAC00059D5F /* Preview Assets.xcassets */ = {isa = PBXFileReference; lastKnownFileType = folder.assetcatalog; path = "Preview Assets.xcassets"; sourceTree = "<group>"; };
		1A30D5202C3D2BF800059D5F /* ContentView.swift */ = {isa = PBXFileReference; fileEncoding = 4; lastKnownFileType = sourcecode.swift; path = ContentView.swift; sourceTree = "<group>"; };
		1A30D5222C3D2BF800059D5F /* WeatherViewModel.swift */ = {isa = PBXFileReference; fileEncoding = 4; lastKnownFileType = sourcecode.swift; path = WeatherViewModel.swift; sourceTree = "<group>"; };
		1A30D5272C3D2BF800059D5F /* LocationManager.swift */ = {isa = PBXFileReference; fileEncoding = 4; lastKnownFileType = sourcecode.swift; name = LocationManager.swift; path = ../Utilities/LocationManager.swift; sourceTree = "<group>"; };
		1A30D5372C3D2C2C00059D5F /* README.md */ = {isa = PBXFileReference; fileEncoding = 4; lastKnownFileType = net.daringfireball.markdown; path = README.md; sourceTree = "<group>"; };
		1A30D53A2C40EDB800059D5F /* .gitignore */ = {isa = PBXFileReference; lastKnownFileType = text; path = .gitignore; sourceTree = "<group>"; };
		1A30D53D2C423B7100059D5F /* MainView.swift */ = {isa = PBXFileReference; lastKnownFileType = sourcecode.swift; path = MainView.swift; sourceTree = "<group>"; };
		1A30D53F2C423C9C00059D5F /* DestinationCardView.swift */ = {isa = PBXFileReference; lastKnownFileType = sourcecode.swift; path = DestinationCardView.swift; sourceTree = "<group>"; };
		1A30D54B2C46534800059D5F /* GoodHusbandRelease.entitlements */ = {isa = PBXFileReference; lastKnownFileType = text.plist.entitlements; path = GoodHusbandRelease.entitlements; sourceTree = "<group>"; };
		1A30D54C2C46609900059D5F /* WeatherDetailView.swift */ = {isa = PBXFileReference; fileEncoding = 4; lastKnownFileType = sourcecode.swift; path = WeatherDetailView.swift; sourceTree = "<group>"; };
		1A30D54D2C46609900059D5F /* RecommendationView.swift */ = {isa = PBXFileReference; fileEncoding = 4; lastKnownFileType = sourcecode.swift; path = RecommendationView.swift; sourceTree = "<group>"; };
		1A30D54E2C46609900059D5F /* TemperatureView.swift */ = {isa = PBXFileReference; fileEncoding = 4; lastKnownFileType = sourcecode.swift; path = TemperatureView.swift; sourceTree = "<group>"; };
		1A30D5532C46669700059D5F /* PinnedLocationView.swift */ = {isa = PBXFileReference; lastKnownFileType = sourcecode.swift; path = PinnedLocationView.swift; sourceTree = "<group>"; };
		1A30D5572C47A28200059D5F /* GoodHusbandDebug.entitlements */ = {isa = PBXFileReference; lastKnownFileType = text.plist.entitlements; path = GoodHusbandDebug.entitlements; sourceTree = "<group>"; };
		1A30D5582C47B76500059D5F /* OverallForecastView.swift */ = {isa = PBXFileReference; lastKnownFileType = sourcecode.swift; path = OverallForecastView.swift; sourceTree = "<group>"; };
		263D2A6B2C4685D300BA8674 /* WeatherDetailViewModel.swift */ = {isa = PBXFileReference; lastKnownFileType = sourcecode.swift; path = WeatherDetailViewModel.swift; sourceTree = "<group>"; };
		263D2A6D2C46AD6800BA8674 /* LocationHeaderViewModel.swift */ = {isa = PBXFileReference; lastKnownFileType = sourcecode.swift; path = LocationHeaderViewModel.swift; sourceTree = "<group>"; };
		263D2A702C479FF500BA8674 /* WeatherDataEnums.swift */ = {isa = PBXFileReference; lastKnownFileType = sourcecode.swift; path = WeatherDataEnums.swift; sourceTree = "<group>"; };
		263D2A722C47F59E00BA8674 /* DayWeatherViewModel.swift */ = {isa = PBXFileReference; lastKnownFileType = sourcecode.swift; path = DayWeatherViewModel.swift; sourceTree = "<group>"; };
		263D2A742C47FA4800BA8674 /* DailyWeatherViewModel.swift */ = {isa = PBXFileReference; lastKnownFileType = sourcecode.swift; path = DailyWeatherViewModel.swift; sourceTree = "<group>"; };
		263D2A762C47FB6300BA8674 /* DayWeatherModel.swift */ = {isa = PBXFileReference; lastKnownFileType = sourcecode.swift; path = DayWeatherModel.swift; sourceTree = "<group>"; };
		263D2A782C47FB7600BA8674 /* WeatherModel.swift */ = {isa = PBXFileReference; lastKnownFileType = sourcecode.swift; path = WeatherModel.swift; sourceTree = "<group>"; };
		2645E58C2C41103600540DC3 /* WeatherManager.swift */ = {isa = PBXFileReference; lastKnownFileType = sourcecode.swift; path = WeatherManager.swift; sourceTree = "<group>"; };
		573C84D22C4667BA008825AC /* LocationHeaderView.swift */ = {isa = PBXFileReference; fileEncoding = 4; lastKnownFileType = sourcecode.swift; path = LocationHeaderView.swift; sourceTree = "<group>"; };
		573C84D42C4667E3008825AC /* DayWeatherView.swift */ = {isa = PBXFileReference; lastKnownFileType = sourcecode.swift; path = DayWeatherView.swift; sourceTree = "<group>"; };
		573C84D62C46684E008825AC /* DetailView.swift */ = {isa = PBXFileReference; lastKnownFileType = sourcecode.swift; path = DetailView.swift; sourceTree = "<group>"; };
		57783F0E2C3FD7FA0075455C /* Localizable.xcstrings */ = {isa = PBXFileReference; lastKnownFileType = text.json.xcstrings; path = Localizable.xcstrings; sourceTree = "<group>"; };
		57E5038A2C45D4B3004D3509 /* DailyWeatherView.swift */ = {isa = PBXFileReference; lastKnownFileType = sourcecode.swift; path = DailyWeatherView.swift; sourceTree = "<group>"; };
		D017725E2C3FD28B00F077FE /* MapView.swift */ = {isa = PBXFileReference; lastKnownFileType = sourcecode.swift; path = MapView.swift; sourceTree = "<group>"; };
		D01772602C3FDAD900F077FE /* MapViewModel.swift */ = {isa = PBXFileReference; lastKnownFileType = sourcecode.swift; path = MapViewModel.swift; sourceTree = "<group>"; };
		D034BE4F2C471B9E003CBD88 /* HeaderWeatherDisplay.swift */ = {isa = PBXFileReference; lastKnownFileType = sourcecode.swift; path = HeaderWeatherDisplay.swift; sourceTree = "<group>"; };
		D034BE512C474D59003CBD88 /* FavoritesManager.swift */ = {isa = PBXFileReference; lastKnownFileType = sourcecode.swift; path = FavoritesManager.swift; sourceTree = "<group>"; };
/* End PBXFileReference section */

/* Begin PBXFrameworksBuildPhase section */
		1A30D5062C3D2AAA00059D5F /* Frameworks */ = {
			isa = PBXFrameworksBuildPhase;
			buildActionMask = 2147483647;
			files = (
			);
			runOnlyForDeploymentPostprocessing = 0;
		};
/* End PBXFrameworksBuildPhase section */

/* Begin PBXGroup section */
		1A30D5002C3D2AAA00059D5F = {
			isa = PBXGroup;
			children = (
				57783F0D2C3FD55E0075455C /* Resources */,
				1A30D53A2C40EDB800059D5F /* .gitignore */,
				1A30D5372C3D2C2C00059D5F /* README.md */,
				1A30D50B2C3D2AAA00059D5F /* GoodHusband */,
				1A30D50A2C3D2AAA00059D5F /* Products */,
			);
			sourceTree = "<group>";
		};
		1A30D50A2C3D2AAA00059D5F /* Products */ = {
			isa = PBXGroup;
			children = (
				1A30D5092C3D2AAA00059D5F /* GoodHusband.app */,
			);
			name = Products;
			sourceTree = "<group>";
		};
		1A30D50B2C3D2AAA00059D5F /* GoodHusband */ = {
			isa = PBXGroup;
			children = (
				1A30D5572C47A28200059D5F /* GoodHusbandDebug.entitlements */,
				1A30D54B2C46534800059D5F /* GoodHusbandRelease.entitlements */,
				1A30D50C2C3D2AAA00059D5F /* GoodHusbandApp.swift */,
				D034BE4E2C471AF3003CBD88 /* Type */,
				263D2A6F2C479FC300BA8674 /* Enums */,
				1A30D5282C3D2BF800059D5F /* Models */,
				1A30D5242C3D2BF800059D5F /* Services */,
				1A30D5212C3D2BF800059D5F /* ViewModels */,
				1A30D51E2C3D2BF800059D5F /* Views */,
				1A30D5102C3D2AAC00059D5F /* Assets.xcassets */,
				1A30D5122C3D2AAC00059D5F /* Preview Content */,
			);
			path = GoodHusband;
			sourceTree = "<group>";
		};
		1A30D5122C3D2AAC00059D5F /* Preview Content */ = {
			isa = PBXGroup;
			children = (
				1A30D5132C3D2AAC00059D5F /* Preview Assets.xcassets */,
			);
			path = "Preview Content";
			sourceTree = "<group>";
		};
		1A30D51E2C3D2BF800059D5F /* Views */ = {
			isa = PBXGroup;
			children = (
				1A30D5522C4663C200059D5F /* Components */,
				5791F35B2C452F6800DAFE1F /* Cards */,
				1A30D5492C443D2B00059D5F /* Pages */,
				1A30D5202C3D2BF800059D5F /* ContentView.swift */,
			);
			path = Views;
			sourceTree = "<group>";
		};
		1A30D5212C3D2BF800059D5F /* ViewModels */ = {
			isa = PBXGroup;
			children = (
				1A30D5222C3D2BF800059D5F /* WeatherViewModel.swift */,
				D01772602C3FDAD900F077FE /* MapViewModel.swift */,
				263D2A6B2C4685D300BA8674 /* WeatherDetailViewModel.swift */,
				263D2A6D2C46AD6800BA8674 /* LocationHeaderViewModel.swift */,
				263D2A722C47F59E00BA8674 /* DayWeatherViewModel.swift */,
				263D2A742C47FA4800BA8674 /* DailyWeatherViewModel.swift */,
			);
			path = ViewModels;
			sourceTree = "<group>";
		};
		1A30D5242C3D2BF800059D5F /* Services */ = {
			isa = PBXGroup;
			children = (
				2645E58C2C41103600540DC3 /* WeatherManager.swift */,
				D034BE512C474D59003CBD88 /* FavoritesManager.swift */,
				1A30D5272C3D2BF800059D5F /* LocationManager.swift */,
			);
			path = Services;
			sourceTree = "<group>";
		};
		1A30D5282C3D2BF800059D5F /* Models */ = {
			isa = PBXGroup;
			children = (
				263D2A762C47FB6300BA8674 /* DayWeatherModel.swift */,
				263D2A782C47FB7600BA8674 /* WeatherModel.swift */,
			);
			path = Models;
			sourceTree = "<group>";
		};
		1A30D5492C443D2B00059D5F /* Pages */ = {
			isa = PBXGroup;
			children = (
				1A30D53D2C423B7100059D5F /* MainView.swift */,
				573C84D62C46684E008825AC /* DetailView.swift */,
			);
			path = Pages;
			sourceTree = "<group>";
		};
		1A30D5522C4663C200059D5F /* Components */ = {
			isa = PBXGroup;
			children = (
				1A30D54C2C46609900059D5F /* WeatherDetailView.swift */,
				1A30D54E2C46609900059D5F /* TemperatureView.swift */,
				1A30D54D2C46609900059D5F /* RecommendationView.swift */,
				D017725E2C3FD28B00F077FE /* MapView.swift */,
			);
			path = Components;
			sourceTree = "<group>";
		};
		263D2A6F2C479FC300BA8674 /* Enums */ = {
			isa = PBXGroup;
			children = (
				263D2A702C479FF500BA8674 /* WeatherDataEnums.swift */,
			);
			path = Enums;
			sourceTree = "<group>";
		};
		57783F0D2C3FD55E0075455C /* Resources */ = {
			isa = PBXGroup;
			children = (
				57783F0E2C3FD7FA0075455C /* Localizable.xcstrings */,
			);
			path = Resources;
			sourceTree = "<group>";
		};
		5791F35B2C452F6800DAFE1F /* Cards */ = {
			isa = PBXGroup;
			children = (
				573C84D22C4667BA008825AC /* LocationHeaderView.swift */,
				1A30D53F2C423C9C00059D5F /* DestinationCardView.swift */,
				1A30D5532C46669700059D5F /* PinnedLocationView.swift */,
				57E5038A2C45D4B3004D3509 /* DailyWeatherView.swift */,
				1A30D5582C47B76500059D5F /* OverallForecastView.swift */,
				573C84D42C4667E3008825AC /* DayWeatherView.swift */,
			);
			path = Cards;
			sourceTree = "<group>";
		};
		D034BE4E2C471AF3003CBD88 /* Type */ = {
			isa = PBXGroup;
			children = (
				D034BE4F2C471B9E003CBD88 /* HeaderWeatherDisplay.swift */,
			);
			path = Type;
			sourceTree = "<group>";
		};
/* End PBXGroup section */

/* Begin PBXNativeTarget section */
		1A30D5082C3D2AAA00059D5F /* GoodHusband */ = {
			isa = PBXNativeTarget;
			buildConfigurationList = 1A30D5172C3D2AAC00059D5F /* Build configuration list for PBXNativeTarget "GoodHusband" */;
			buildPhases = (
				1A30D5052C3D2AAA00059D5F /* Sources */,
				1A30D5062C3D2AAA00059D5F /* Frameworks */,
				1A30D5072C3D2AAA00059D5F /* Resources */,
			);
			buildRules = (
			);
			dependencies = (
			);
			name = GoodHusband;
			productName = GoodHusband;
			productReference = 1A30D5092C3D2AAA00059D5F /* GoodHusband.app */;
			productType = "com.apple.product-type.application";
		};
/* End PBXNativeTarget section */

/* Begin PBXProject section */
		1A30D5012C3D2AAA00059D5F /* Project object */ = {
			isa = PBXProject;
			attributes = {
				BuildIndependentTargetsInParallel = 1;
				LastSwiftUpdateCheck = 1520;
				LastUpgradeCheck = 1520;
				TargetAttributes = {
					1A30D5082C3D2AAA00059D5F = {
						CreatedOnToolsVersion = 15.2;
					};
				};
			};
			buildConfigurationList = 1A30D5042C3D2AAA00059D5F /* Build configuration list for PBXProject "GoodHusband" */;
			compatibilityVersion = "Xcode 14.0";
			developmentRegion = en;
			hasScannedForEncodings = 0;
			knownRegions = (
				en,
				Base,
				id,
			);
			mainGroup = 1A30D5002C3D2AAA00059D5F;
			productRefGroup = 1A30D50A2C3D2AAA00059D5F /* Products */;
			projectDirPath = "";
			projectRoot = "";
			targets = (
				1A30D5082C3D2AAA00059D5F /* GoodHusband */,
			);
		};
/* End PBXProject section */

/* Begin PBXResourcesBuildPhase section */
		1A30D5072C3D2AAA00059D5F /* Resources */ = {
			isa = PBXResourcesBuildPhase;
			buildActionMask = 2147483647;
			files = (
				1A30D53B2C40EDB800059D5F /* .gitignore in Resources */,
				1A30D5382C3D2C2C00059D5F /* README.md in Resources */,
				1A30D5142C3D2AAC00059D5F /* Preview Assets.xcassets in Resources */,
				57783F0F2C3FD7FA0075455C /* Localizable.xcstrings in Resources */,
				1A30D5112C3D2AAC00059D5F /* Assets.xcassets in Resources */,
			);
			runOnlyForDeploymentPostprocessing = 0;
		};
/* End PBXResourcesBuildPhase section */

/* Begin PBXSourcesBuildPhase section */
		1A30D5052C3D2AAA00059D5F /* Sources */ = {
			isa = PBXSourcesBuildPhase;
			buildActionMask = 2147483647;
			files = (
				D017725F2C3FD28B00F077FE /* MapView.swift in Sources */,
				263D2A792C47FB7600BA8674 /* WeatherModel.swift in Sources */,
				263D2A752C47FA4800BA8674 /* DailyWeatherViewModel.swift in Sources */,
				263D2A712C479FF500BA8674 /* WeatherDataEnums.swift in Sources */,
				2645E58D2C41103600540DC3 /* WeatherManager.swift in Sources */,
				D034BE502C471B9E003CBD88 /* HeaderWeatherDisplay.swift in Sources */,
				1A30D5502C46609900059D5F /* RecommendationView.swift in Sources */,
				1A30D5342C3D2BF800059D5F /* LocationManager.swift in Sources */,
				1A30D53E2C423B7100059D5F /* MainView.swift in Sources */,
				1A30D5592C47B76500059D5F /* OverallForecastView.swift in Sources */,
				1A30D54F2C46609900059D5F /* WeatherDetailView.swift in Sources */,
				263D2A6C2C4685D300BA8674 /* WeatherDetailViewModel.swift in Sources */,
				57E5038B2C45D4B3004D3509 /* DailyWeatherView.swift in Sources */,
				1A30D5402C423C9C00059D5F /* DestinationCardView.swift in Sources */,
				1A30D5402C423C9C00059D5F /* DestinationCardView.swift in Sources */,
				1A30D5512C46609900059D5F /* TemperatureView.swift in Sources */,
				573C84D32C4667BA008825AC /* LocationHeaderView.swift in Sources */,
				263D2A732C47F59E00BA8674 /* DayWeatherViewModel.swift in Sources */,
				1A30D5302C3D2BF800059D5F /* ContentView.swift in Sources */,
				263D2A772C47FB6300BA8674 /* DayWeatherModel.swift in Sources */,
				1A30D5312C3D2BF800059D5F /* WeatherViewModel.swift in Sources */,
				1A30D5542C46669700059D5F /* PinnedLocationView.swift in Sources */,
				263D2A6E2C46AD6800BA8674 /* LocationHeaderViewModel.swift in Sources */,
				1A30D50D2C3D2AAA00059D5F /* GoodHusbandApp.swift in Sources */,
				D034BE522C474D59003CBD88 /* FavoritesManager.swift in Sources */,
				573C84D72C46684E008825AC /* DetailView.swift in Sources */,
				573C84D52C4667E3008825AC /* DayWeatherView.swift in Sources */,
				D01772612C3FDAD900F077FE /* MapViewModel.swift in Sources */,
			);
			runOnlyForDeploymentPostprocessing = 0;
		};
/* End PBXSourcesBuildPhase section */

/* Begin XCBuildConfiguration section */
		1A30D5152C3D2AAC00059D5F /* Debug */ = {
			isa = XCBuildConfiguration;
			buildSettings = {
				ALWAYS_SEARCH_USER_PATHS = NO;
				ASSETCATALOG_COMPILER_GENERATE_SWIFT_ASSET_SYMBOL_EXTENSIONS = YES;
				CLANG_ANALYZER_NONNULL = YES;
				CLANG_ANALYZER_NUMBER_OBJECT_CONVERSION = YES_AGGRESSIVE;
				CLANG_CXX_LANGUAGE_STANDARD = "gnu++20";
				CLANG_ENABLE_MODULES = YES;
				CLANG_ENABLE_OBJC_ARC = YES;
				CLANG_ENABLE_OBJC_WEAK = YES;
				CLANG_WARN_BLOCK_CAPTURE_AUTORELEASING = YES;
				CLANG_WARN_BOOL_CONVERSION = YES;
				CLANG_WARN_COMMA = YES;
				CLANG_WARN_CONSTANT_CONVERSION = YES;
				CLANG_WARN_DEPRECATED_OBJC_IMPLEMENTATIONS = YES;
				CLANG_WARN_DIRECT_OBJC_ISA_USAGE = YES_ERROR;
				CLANG_WARN_DOCUMENTATION_COMMENTS = YES;
				CLANG_WARN_EMPTY_BODY = YES;
				CLANG_WARN_ENUM_CONVERSION = YES;
				CLANG_WARN_INFINITE_RECURSION = YES;
				CLANG_WARN_INT_CONVERSION = YES;
				CLANG_WARN_NON_LITERAL_NULL_CONVERSION = YES;
				CLANG_WARN_OBJC_IMPLICIT_RETAIN_SELF = YES;
				CLANG_WARN_OBJC_LITERAL_CONVERSION = YES;
				CLANG_WARN_OBJC_ROOT_CLASS = YES_ERROR;
				CLANG_WARN_QUOTED_INCLUDE_IN_FRAMEWORK_HEADER = YES;
				CLANG_WARN_RANGE_LOOP_ANALYSIS = YES;
				CLANG_WARN_STRICT_PROTOTYPES = YES;
				CLANG_WARN_SUSPICIOUS_MOVE = YES;
				CLANG_WARN_UNGUARDED_AVAILABILITY = YES_AGGRESSIVE;
				CLANG_WARN_UNREACHABLE_CODE = YES;
				CLANG_WARN__DUPLICATE_METHOD_MATCH = YES;
				COPY_PHASE_STRIP = NO;
				DEBUG_INFORMATION_FORMAT = dwarf;
				ENABLE_STRICT_OBJC_MSGSEND = YES;
				ENABLE_TESTABILITY = YES;
				ENABLE_USER_SCRIPT_SANDBOXING = YES;
				GCC_C_LANGUAGE_STANDARD = gnu17;
				GCC_DYNAMIC_NO_PIC = NO;
				GCC_NO_COMMON_BLOCKS = YES;
				GCC_OPTIMIZATION_LEVEL = 0;
				GCC_PREPROCESSOR_DEFINITIONS = (
					"DEBUG=1",
					"$(inherited)",
				);
				GCC_WARN_64_TO_32_BIT_CONVERSION = YES;
				GCC_WARN_ABOUT_RETURN_TYPE = YES_ERROR;
				GCC_WARN_UNDECLARED_SELECTOR = YES;
				GCC_WARN_UNINITIALIZED_AUTOS = YES_AGGRESSIVE;
				GCC_WARN_UNUSED_FUNCTION = YES;
				GCC_WARN_UNUSED_VARIABLE = YES;
				IPHONEOS_DEPLOYMENT_TARGET = 17.2;
				LOCALIZATION_PREFERS_STRING_CATALOGS = YES;
				MTL_ENABLE_DEBUG_INFO = INCLUDE_SOURCE;
				MTL_FAST_MATH = YES;
				ONLY_ACTIVE_ARCH = YES;
				SDKROOT = iphoneos;
				SWIFT_ACTIVE_COMPILATION_CONDITIONS = "DEBUG $(inherited)";
				SWIFT_OPTIMIZATION_LEVEL = "-Onone";
			};
			name = Debug;
		};
		1A30D5162C3D2AAC00059D5F /* Release */ = {
			isa = XCBuildConfiguration;
			buildSettings = {
				ALWAYS_SEARCH_USER_PATHS = NO;
				ASSETCATALOG_COMPILER_GENERATE_SWIFT_ASSET_SYMBOL_EXTENSIONS = YES;
				CLANG_ANALYZER_NONNULL = YES;
				CLANG_ANALYZER_NUMBER_OBJECT_CONVERSION = YES_AGGRESSIVE;
				CLANG_CXX_LANGUAGE_STANDARD = "gnu++20";
				CLANG_ENABLE_MODULES = YES;
				CLANG_ENABLE_OBJC_ARC = YES;
				CLANG_ENABLE_OBJC_WEAK = YES;
				CLANG_WARN_BLOCK_CAPTURE_AUTORELEASING = YES;
				CLANG_WARN_BOOL_CONVERSION = YES;
				CLANG_WARN_COMMA = YES;
				CLANG_WARN_CONSTANT_CONVERSION = YES;
				CLANG_WARN_DEPRECATED_OBJC_IMPLEMENTATIONS = YES;
				CLANG_WARN_DIRECT_OBJC_ISA_USAGE = YES_ERROR;
				CLANG_WARN_DOCUMENTATION_COMMENTS = YES;
				CLANG_WARN_EMPTY_BODY = YES;
				CLANG_WARN_ENUM_CONVERSION = YES;
				CLANG_WARN_INFINITE_RECURSION = YES;
				CLANG_WARN_INT_CONVERSION = YES;
				CLANG_WARN_NON_LITERAL_NULL_CONVERSION = YES;
				CLANG_WARN_OBJC_IMPLICIT_RETAIN_SELF = YES;
				CLANG_WARN_OBJC_LITERAL_CONVERSION = YES;
				CLANG_WARN_OBJC_ROOT_CLASS = YES_ERROR;
				CLANG_WARN_QUOTED_INCLUDE_IN_FRAMEWORK_HEADER = YES;
				CLANG_WARN_RANGE_LOOP_ANALYSIS = YES;
				CLANG_WARN_STRICT_PROTOTYPES = YES;
				CLANG_WARN_SUSPICIOUS_MOVE = YES;
				CLANG_WARN_UNGUARDED_AVAILABILITY = YES_AGGRESSIVE;
				CLANG_WARN_UNREACHABLE_CODE = YES;
				CLANG_WARN__DUPLICATE_METHOD_MATCH = YES;
				COPY_PHASE_STRIP = NO;
				DEBUG_INFORMATION_FORMAT = "dwarf-with-dsym";
				ENABLE_NS_ASSERTIONS = NO;
				ENABLE_STRICT_OBJC_MSGSEND = YES;
				ENABLE_USER_SCRIPT_SANDBOXING = YES;
				GCC_C_LANGUAGE_STANDARD = gnu17;
				GCC_NO_COMMON_BLOCKS = YES;
				GCC_WARN_64_TO_32_BIT_CONVERSION = YES;
				GCC_WARN_ABOUT_RETURN_TYPE = YES_ERROR;
				GCC_WARN_UNDECLARED_SELECTOR = YES;
				GCC_WARN_UNINITIALIZED_AUTOS = YES_AGGRESSIVE;
				GCC_WARN_UNUSED_FUNCTION = YES;
				GCC_WARN_UNUSED_VARIABLE = YES;
				IPHONEOS_DEPLOYMENT_TARGET = 17.2;
				LOCALIZATION_PREFERS_STRING_CATALOGS = YES;
				MTL_ENABLE_DEBUG_INFO = NO;
				MTL_FAST_MATH = YES;
				SDKROOT = iphoneos;
				SWIFT_COMPILATION_MODE = wholemodule;
				VALIDATE_PRODUCT = YES;
			};
			name = Release;
		};
		1A30D5182C3D2AAC00059D5F /* Debug */ = {
			isa = XCBuildConfiguration;
			buildSettings = {
				ASSETCATALOG_COMPILER_APPICON_NAME = AppIcon;
				ASSETCATALOG_COMPILER_GLOBAL_ACCENT_COLOR_NAME = AccentColor;
				CODE_SIGN_ENTITLEMENTS = GoodHusband/GoodHusbandDebug.entitlements;
				CODE_SIGN_STYLE = Automatic;
				CURRENT_PROJECT_VERSION = 1;
				DEVELOPMENT_ASSET_PATHS = "\"GoodHusband/Preview Content\"";
				DEVELOPMENT_TEAM = VPGX5Q423F;
				ENABLE_PREVIEWS = YES;
				GENERATE_INFOPLIST_FILE = YES;
				INFOPLIST_KEY_CFBundleDisplayName = "Sunny Side";
				INFOPLIST_KEY_LSApplicationCategoryType = "public.app-category.weather";
				INFOPLIST_KEY_NSLocationAlwaysAndWhenInUseUsageDescription = "";
				INFOPLIST_KEY_NSLocationAlwaysUsageDescription = "";
				INFOPLIST_KEY_NSLocationWhenInUseUsageDescription = "";
				INFOPLIST_KEY_UIApplicationSceneManifest_Generation = YES;
				INFOPLIST_KEY_UIApplicationSupportsIndirectInputEvents = YES;
				INFOPLIST_KEY_UILaunchScreen_Generation = YES;
				INFOPLIST_KEY_UISupportedInterfaceOrientations_iPad = "UIInterfaceOrientationPortrait UIInterfaceOrientationPortraitUpsideDown UIInterfaceOrientationLandscapeLeft UIInterfaceOrientationLandscapeRight";
				INFOPLIST_KEY_UISupportedInterfaceOrientations_iPhone = "UIInterfaceOrientationPortrait UIInterfaceOrientationLandscapeLeft UIInterfaceOrientationLandscapeRight";
				LD_RUNPATH_SEARCH_PATHS = (
					"$(inherited)",
					"@executable_path/Frameworks",
				);
				MARKETING_VERSION = 1.0;
				PRODUCT_BUNDLE_IDENTIFIER = "xcode.delta.test-weather";
				PRODUCT_NAME = "$(TARGET_NAME)";
				SWIFT_EMIT_LOC_STRINGS = YES;
				SWIFT_VERSION = 5.0;
				TARGETED_DEVICE_FAMILY = "1,2";
			};
			name = Debug;
		};
		1A30D5192C3D2AAC00059D5F /* Release */ = {
			isa = XCBuildConfiguration;
			buildSettings = {
				ASSETCATALOG_COMPILER_APPICON_NAME = AppIcon;
				ASSETCATALOG_COMPILER_GLOBAL_ACCENT_COLOR_NAME = AccentColor;
				CODE_SIGN_ENTITLEMENTS = GoodHusband/GoodHusbandRelease.entitlements;
				CODE_SIGN_IDENTITY = "Apple Development";
				CODE_SIGN_STYLE = Automatic;
				CURRENT_PROJECT_VERSION = 1;
				DEVELOPMENT_ASSET_PATHS = "\"GoodHusband/Preview Content\"";
				DEVELOPMENT_TEAM = VPGX5Q423F;
				ENABLE_PREVIEWS = YES;
				GENERATE_INFOPLIST_FILE = YES;
				INFOPLIST_KEY_CFBundleDisplayName = "Sunny Side";
				INFOPLIST_KEY_LSApplicationCategoryType = "public.app-category.weather";
				INFOPLIST_KEY_NSLocationAlwaysAndWhenInUseUsageDescription = "";
				INFOPLIST_KEY_NSLocationAlwaysUsageDescription = "";
				INFOPLIST_KEY_NSLocationWhenInUseUsageDescription = "";
				INFOPLIST_KEY_UIApplicationSceneManifest_Generation = YES;
				INFOPLIST_KEY_UIApplicationSupportsIndirectInputEvents = YES;
				INFOPLIST_KEY_UILaunchScreen_Generation = YES;
				INFOPLIST_KEY_UISupportedInterfaceOrientations_iPad = "UIInterfaceOrientationPortrait UIInterfaceOrientationPortraitUpsideDown UIInterfaceOrientationLandscapeLeft UIInterfaceOrientationLandscapeRight";
				INFOPLIST_KEY_UISupportedInterfaceOrientations_iPhone = "UIInterfaceOrientationPortrait UIInterfaceOrientationLandscapeLeft UIInterfaceOrientationLandscapeRight";
				LD_RUNPATH_SEARCH_PATHS = (
					"$(inherited)",
					"@executable_path/Frameworks",
				);
				MARKETING_VERSION = 1.0;
				PRODUCT_BUNDLE_IDENTIFIER = "xcode.delta.test-weather";
				PRODUCT_NAME = "$(TARGET_NAME)";
				PROVISIONING_PROFILE_SPECIFIER = "";
				SWIFT_EMIT_LOC_STRINGS = YES;
				SWIFT_VERSION = 5.0;
				TARGETED_DEVICE_FAMILY = "1,2";
			};
			name = Release;
		};
/* End XCBuildConfiguration section */

/* Begin XCConfigurationList section */
		1A30D5042C3D2AAA00059D5F /* Build configuration list for PBXProject "GoodHusband" */ = {
			isa = XCConfigurationList;
			buildConfigurations = (
				1A30D5152C3D2AAC00059D5F /* Debug */,
				1A30D5162C3D2AAC00059D5F /* Release */,
			);
			defaultConfigurationIsVisible = 0;
			defaultConfigurationName = Release;
		};
		1A30D5172C3D2AAC00059D5F /* Build configuration list for PBXNativeTarget "GoodHusband" */ = {
			isa = XCConfigurationList;
			buildConfigurations = (
				1A30D5182C3D2AAC00059D5F /* Debug */,
				1A30D5192C3D2AAC00059D5F /* Release */,
			);
			defaultConfigurationIsVisible = 0;
			defaultConfigurationName = Release;
		};
/* End XCConfigurationList section */
	};
	rootObject = 1A30D5012C3D2AAA00059D5F /* Project object */;
}
